<?xml version="1.0" encoding="utf-8"?>
<Project ToolsVersion="4.0" xmlns="http://schemas.microsoft.com/developer/msbuild/2003">
  <ItemGroup>
    <Filter Include="Source Files">
      <UniqueIdentifier>{4FC737F1-C7A5-4376-A066-2A32D752A2FF}</UniqueIdentifier>
      <Extensions>cpp;c;cc;cxx;def;odl;idl;hpj;bat;asm;asmx</Extensions>
    </Filter>
    <Filter Include="Header Files">
      <UniqueIdentifier>{93995380-89BD-4b04-88EB-625FBE52EBFB}</UniqueIdentifier>
      <Extensions>h;hh;hpp;hxx;hm;inl;inc;xsd</Extensions>
    </Filter>
    <Filter Include="Resource Files">
      <UniqueIdentifier>{67DA6AB6-F800-4c08-8B7A-83BB121AAD01}</UniqueIdentifier>
      <Extensions>rc;ico;cur;bmp;dlg;rc2;rct;bin;rgs;gif;jpg;jpeg;jpe;resx;tiff;tif;png;wav;mfcribbon-ms</Extensions>
    </Filter>
    <Filter Include="Header Files\Systems">
      <UniqueIdentifier>{78fe1fe4-e02f-43e9-a198-fce347abfcba}</UniqueIdentifier>
    </Filter>
    <Filter Include="Source Files\Systems">
      <UniqueIdentifier>{68c09fd1-45fb-4e95-8088-966ed4c4874f}</UniqueIdentifier>
    </Filter>
    <Filter Include="Header Files\Components">
      <UniqueIdentifier>{4f684fdb-e99d-43d4-b0c3-a3d47711a1dd}</UniqueIdentifier>
    </Filter>
    <Filter Include="Source Files\Components">
      <UniqueIdentifier>{28583d7c-d0ea-4627-8238-4970ba5de5f1}</UniqueIdentifier>
    </Filter>
    <Filter Include="Header Files\State Machine">
      <UniqueIdentifier>{f3efc6e0-75e8-41b6-bafe-b6034939bcb4}</UniqueIdentifier>
    </Filter>
    <Filter Include="Source Files\State Machine">
      <UniqueIdentifier>{d675cbba-4d10-46da-9c72-5d1b712d7acb}</UniqueIdentifier>
    </Filter>
    <Filter Include="Header Files\Messages">
      <UniqueIdentifier>{42342e4d-5cfb-4331-afa9-213310779711}</UniqueIdentifier>
    </Filter>
    <Filter Include="Source Files\Messages">
      <UniqueIdentifier>{01039652-3979-4a9c-977e-efcb13f4a525}</UniqueIdentifier>
    </Filter>
    <Filter Include="Source Files\Units">
      <UniqueIdentifier>{0d033f0a-bdfe-4a4e-8e19-8e29c37f5e0d}</UniqueIdentifier>
    </Filter>
    <Filter Include="Header Files\Units">
      <UniqueIdentifier>{fe515576-996d-46c7-b39f-20b0a01b8bec}</UniqueIdentifier>
    </Filter>
    <Filter Include="Header Files\State Machine\PlayerStates">
      <UniqueIdentifier>{47ddca98-4d33-4e8a-97eb-cb1e507e5973}</UniqueIdentifier>
    </Filter>
    <Filter Include="Header Files\Units\Steering">
      <UniqueIdentifier>{4ce58811-5801-4de8-9552-f4a957fb90ca}</UniqueIdentifier>
    </Filter>
    <Filter Include="Source Files\Units\Steering">
      <UniqueIdentifier>{1cb60708-6f07-40c2-a758-f8c358f549f7}</UniqueIdentifier>
    </Filter>
    <Filter Include="Header Files\Debugging">
      <UniqueIdentifier>{28d0b7fc-8955-47df-8458-8f6ac2f608a6}</UniqueIdentifier>
    </Filter>
    <Filter Include="Source Files\Debug">
      <UniqueIdentifier>{1017815a-1199-4bb1-bc21-7140ce4fc35b}</UniqueIdentifier>
    </Filter>
    <Filter Include="Header Files\State Machine\AIStates">
      <UniqueIdentifier>{1a256ab6-1632-4261-acdd-c3df94eb364b}</UniqueIdentifier>
    </Filter>
    <Filter Include="Source Files\State Machine\AIStates">
      <UniqueIdentifier>{cc94f42c-475b-4400-bc13-60bef64a55e1}</UniqueIdentifier>
    </Filter>
    <Filter Include="Header Files\Units\Spawners">
      <UniqueIdentifier>{9f66757f-f1b9-42ce-b445-4fec4a20da99}</UniqueIdentifier>
    </Filter>
    <Filter Include="Source Files\Units\Spawners">
      <UniqueIdentifier>{6314ec8e-f835-4765-91bc-057a242961e6}</UniqueIdentifier>
    </Filter>
  </ItemGroup>
  <ItemGroup>
    <ClCompile Include="main.cpp">
      <Filter>Source Files</Filter>
    </ClCompile>
    <ClCompile Include="PauseSystem.cpp">
      <Filter>Source Files\Systems</Filter>
    </ClCompile>
    <ClCompile Include="GameApp.cpp">
      <Filter>Source Files\Systems</Filter>
    </ClCompile>
    <ClCompile Include="SaveSystem.cpp">
      <Filter>Source Files\Systems</Filter>
    </ClCompile>
    <ClCompile Include="SaveableComponent.cpp">
      <Filter>Source Files\Components</Filter>
    </ClCompile>
    <ClCompile Include="StateHandler.cpp">
      <Filter>Source Files\State Machine</Filter>
    </ClCompile>
    <ClCompile Include="GameMessage.cpp">
      <Filter>Source Files\Messages</Filter>
    </ClCompile>
    <ClCompile Include="InputMessage.cpp">
      <Filter>Source Files\Messages</Filter>
    </ClCompile>
    <ClCompile Include="GameMessageManager.cpp">
      <Filter>Source Files\Systems</Filter>
    </ClCompile>
    <ClCompile Include="Color.cpp">
      <Filter>Source Files</Filter>
    </ClCompile>
    <ClCompile Include="InputSystem.cpp">
      <Filter>Source Files\Systems</Filter>
    </ClCompile>
    <ClCompile Include="Kinematic.cpp">
      <Filter>Source Files\Units</Filter>
    </ClCompile>
    <ClCompile Include="KinematicUnit.cpp">
      <Filter>Source Files\Units</Filter>
    </ClCompile>
    <ClCompile Include="AIUnit.cpp">
      <Filter>Source Files\Units</Filter>
    </ClCompile>
    <ClCompile Include="PlayerUnit.cpp">
      <Filter>Source Files\Units</Filter>
    </ClCompile>
    <ClCompile Include="BlendedSteering.cpp">
      <Filter>Source Files\Units\Steering</Filter>
    </ClCompile>
    <ClCompile Include="HitboxComponent.cpp">
      <Filter>Source Files\Components</Filter>
    </ClCompile>
    <ClCompile Include="GridSteering.cpp">
      <Filter>Source Files\Units\Steering</Filter>
    </ClCompile>
    <ClCompile Include="CollisionSystem.cpp">
      <Filter>Source Files\Units</Filter>
    </ClCompile>
    <ClCompile Include="Utility.cpp">
      <Filter>Source Files</Filter>
    </ClCompile>
    <ClCompile Include="UnitManager.cpp">
      <Filter>Source Files\Systems</Filter>
    </ClCompile>
    <ClCompile Include="DebugSystem.cpp">
      <Filter>Source Files\Debug</Filter>
    </ClCompile>
    <ClCompile Include="DebugLine.cpp">
      <Filter>Source Files\Debug</Filter>
    </ClCompile>
    <ClCompile Include="AI_Wander.cpp">
      <Filter>Source Files\State Machine\AIStates</Filter>
    </ClCompile>
    <ClCompile Include="SpawnSystem.cpp">
      <Filter>Source Files\Systems</Filter>
    </ClCompile>
    <ClCompile Include="Spawner.cpp">
      <Filter>Source Files\Units\Spawners</Filter>
    </ClCompile>
    <ClCompile Include="PlayerSpawner.cpp">
      <Filter>Source Files\Units\Spawners</Filter>
    </ClCompile>
    <ClCompile Include="EnemySpawner.cpp">
      <Filter>Source Files\Units\Spawners</Filter>
    </ClCompile>
    <ClCompile Include="UnitCollisionMessage.cpp">
      <Filter>Source Files\Messages</Filter>
    </ClCompile>
    <ClCompile Include="Bomb.cpp">
      <Filter>Source Files\Units</Filter>
    </ClCompile>
    <ClCompile Include="Explosion.cpp">
      <Filter>Source Files\Units</Filter>
    </ClCompile>
  </ItemGroup>
  <ItemGroup>
    <ClInclude Include="GameApp.h">
      <Filter>Header Files\Systems</Filter>
    </ClInclude>
    <ClInclude Include="PauseSystem.h">
      <Filter>Header Files\Systems</Filter>
    </ClInclude>
    <ClInclude Include="SaveSystem.h">
      <Filter>Header Files\Systems</Filter>
    </ClInclude>
    <ClInclude Include="PausableComponent.h">
      <Filter>Header Files\Components</Filter>
    </ClInclude>
    <ClInclude Include="SaveableComponent.h">
      <Filter>Header Files\Components</Filter>
    </ClInclude>
    <ClInclude Include="Component.h">
      <Filter>Header Files\Components</Filter>
    </ClInclude>
    <ClInclude Include="StateHandler.h">
      <Filter>Header Files\State Machine</Filter>
    </ClInclude>
    <ClInclude Include="State.h">
      <Filter>Header Files\State Machine</Filter>
    </ClInclude>
    <ClInclude Include="GameMessage.h">
      <Filter>Header Files\Messages</Filter>
    </ClInclude>
    <ClInclude Include="InputMessage.h">
      <Filter>Header Files\Messages</Filter>
    </ClInclude>
    <ClInclude Include="GameMessageManager.h">
      <Filter>Header Files\Systems</Filter>
    </ClInclude>
    <ClInclude Include="QuitGameMessage.h">
      <Filter>Header Files\Messages</Filter>
    </ClInclude>
    <ClInclude Include="Color.h">
      <Filter>Header Files</Filter>
    </ClInclude>
    <ClInclude Include="InputSystem.h">
      <Filter>Header Files\Systems</Filter>
    </ClInclude>
    <ClInclude Include="Kinematic.h">
      <Filter>Header Files\Units</Filter>
    </ClInclude>
    <ClInclude Include="KinematicUnit.h">
      <Filter>Header Files\Units</Filter>
    </ClInclude>
    <ClInclude Include="UnitManager.h">
      <Filter>Header Files\Systems</Filter>
    </ClInclude>
    <ClInclude Include="AIUnit.h">
      <Filter>Header Files\Units</Filter>
    </ClInclude>
    <ClInclude Include="PlayerUnit.h">
      <Filter>Header Files\Units</Filter>
    </ClInclude>
    <ClInclude Include="PlayerState.h">
      <Filter>Header Files\State Machine\PlayerStates</Filter>
    </ClInclude>
    <ClInclude Include="Steering.h">
      <Filter>Header Files\Units\Steering</Filter>
    </ClInclude>
    <ClInclude Include="BlendedSteering.h">
      <Filter>Header Files\Units\Steering</Filter>
    </ClInclude>
    <ClInclude Include="HitboxComponent.h">
      <Filter>Header Files\Components</Filter>
    </ClInclude>
    <ClInclude Include="GridSteering.h">
      <Filter>Header Files\Units\Steering</Filter>
    </ClInclude>
    <ClInclude Include="CollisionSystem.h">
      <Filter>Header Files\Units</Filter>
    </ClInclude>
    <ClInclude Include="Ray.h">
      <Filter>Header Files\Units</Filter>
    </ClInclude>
    <ClInclude Include="Utility.h">
      <Filter>Header Files</Filter>
    </ClInclude>
    <ClInclude Include="DebugSystem.h">
      <Filter>Header Files\Debugging</Filter>
    </ClInclude>
    <ClInclude Include="DebugLine.h">
      <Filter>Header Files\Debugging</Filter>
    </ClInclude>
    <ClInclude Include="AIState.h">
      <Filter>Header Files\State Machine\AIStates</Filter>
    </ClInclude>
    <ClInclude Include="AI_Wander.h">
      <Filter>Header Files\State Machine\AIStates</Filter>
    </ClInclude>
    <ClInclude Include="SpawnSystem.h">
      <Filter>Header Files\Systems</Filter>
    </ClInclude>
    <ClInclude Include="Bomb.h">
      <Filter>Header Files\Units</Filter>
    </ClInclude>
    <ClInclude Include="PlayerSpawner.h">
      <Filter>Header Files\Units\Spawners</Filter>
    </ClInclude>
    <ClInclude Include="Spawner.h">
      <Filter>Header Files\Units\Spawners</Filter>
    </ClInclude>
    <ClInclude Include="EnemySpawner.h">
      <Filter>Header Files\Units\Spawners</Filter>
    </ClInclude>
    <ClInclude Include="UnitCollisionMessage.h">
      <Filter>Header Files\Messages</Filter>
    </ClInclude>
    <ClInclude Include="MovePlayerMessage.h">
      <Filter>Header Files\Messages</Filter>
    </ClInclude>
    <ClInclude Include="DropBombMessage.h">
      <Filter>Header Files\Messages</Filter>
    </ClInclude>
    <ClInclude Include="RemoveUnitMessage.h">
      <Filter>Header Files\Messages</Filter>
    </ClInclude>
    <ClInclude Include="Explosion.h">
      <Filter>Header Files\Units</Filter>
    </ClInclude>
    <ClInclude Include="SpawnNewEnemyMessage.h">
      <Filter>Header Files\Messages</Filter>
    </ClInclude>
  </ItemGroup>
</Project>